
Microsoft Visual Studio Solution File, Format Version 12.00
# Visual Studio Version 16
VisualStudioVersion = 16.0.30621.155
MinimumVisualStudioVersion = 10.0.40219.1
Project("{9A19103F-16F7-4668-BE54-9A1E7A4F7556}") = "InstallerSR", "InstallerSR.csproj", "{4789D008-3800-4D5F-9FE7-AC40E61BD2FA}"
EndProject
Project("{9A19103F-16F7-4668-BE54-9A1E7A4F7556}") = "ConnectorLib", "..\ConnectorLib\ConnectorLib.csproj", "{C3E9FF4A-EDF6-4BDD-A800-A55F507D7537}"
EndProject
Global
	GlobalSection(SolutionConfigurationPlatforms) = preSolution
		Debug|Any CPU = Debug|Any CPU
		Release|Any CPU = Release|Any CPU
	EndGlobalSection
	GlobalSection(ProjectConfigurationPlatforms) = postSolution
		{4789D008-3800-4D5F-9FE7-AC40E61BD2FA}.Debug|Any CPU.ActiveCfg = Debug|Any CPU
		{4789D008-3800-4D5F-9FE7-AC40E61BD2FA}.Debug|Any CPU.Build.0 = Debug|Any CPU
		{4789D008-3800-4D5F-9FE7-AC40E61BD2FA}.Release|Any CPU.ActiveCfg = Release|Any CPU
		{4789D008-3800-4D5F-9FE7-AC40E61BD2FA}.Release|Any CPU.Build.0 = Release|Any CPU
		{C3E9FF4A-EDF6-4BDD-A800-A55F507D7537}.Debug|Any CPU.ActiveCfg = Debug|Any CPU
		{C3E9FF4A-EDF6-4BDD-A800-A55F507D7537}.Debug|Any CPU.Build.0 = Debug|Any CPU
		{C3E9FF4A-EDF6-4BDD-A800-A55F507D7537}.Release|Any CPU.ActiveCfg = Release|Any CPU
		{C3E9FF4A-EDF6-4BDD-A800-A55F507D7537}.Release|Any CPU.Build.0 = Release|Any CPU
	EndGlobalSection
	GlobalSection(SolutionProperties) = preSolution
		HideSolutionNode = FALSE
	EndGlobalSection
	GlobalSection(ExtensibilityGlobals) = postSolution
		SolutionGuid = {3E1B65D6-7BFE-443B-A90C-7186ACC127DF}
	EndGlobalSection
EndGlobal
