
Microsoft Visual Studio Solution File, Format Version 12.00
# Visual Studio Version 16
VisualStudioVersion = 16.0.31129.286
MinimumVisualStudioVersion = 10.0.40219.1
Project("{FAE04EC0-301F-11D3-BF4B-00C04F79EFBC}") = "TrayIconSample", "TrayIconSample.csproj", "{ADC5F707-050B-4277-825F-0815AE65A246}"
EndProject
Global
	GlobalSection(SolutionConfigurationPlatforms) = preSolution
		Debug|Any CPU = Debug|Any CPU
		Release|Any CPU = Release|Any CPU
	EndGlobalSection
	GlobalSection(ProjectConfigurationPlatforms) = postSolution
		{ADC5F707-050B-4277-825F-0815AE65A246}.Debug|Any CPU.ActiveCfg = Debug|Any CPU
		{ADC5F707-050B-4277-825F-0815AE65A246}.Debug|Any CPU.Build.0 = Debug|Any CPU
		{ADC5F707-050B-4277-825F-0815AE65A246}.Release|Any CPU.ActiveCfg = Release|Any CPU
		{ADC5F707-050B-4277-825F-0815AE65A246}.Release|Any CPU.Build.0 = Release|Any CPU
	EndGlobalSection
	GlobalSection(SolutionProperties) = preSolution
		HideSolutionNode = FALSE
	EndGlobalSection
	GlobalSection(ExtensibilityGlobals) = postSolution
		SolutionGuid = {1AC6140F-63BD-4B57-9F54-8B847BF18D13}
	EndGlobalSection
EndGlobal
